
Microsoft Visual Studio Solution File, Format Version 12.00
# Visual Studio Version 16
VisualStudioVersion = 16.0.30309.148
MinimumVisualStudioVersion = 10.0.40219.1
Project("{FAE04EC0-301F-11D3-BF4B-00C04F79EFBC}") = "ComputerVision", "ComputerVision\ComputerVision.csproj", "{F9241ED6-B39B-4F32-AE4A-A4B07BC1584E}"
EndProject
Project("{FAE04EC0-301F-11D3-BF4B-00C04F79EFBC}") = "DJBlogs.ComputerVision", "DJBlogs.ComputerVision\DJBlogs.ComputerVision.csproj", "{35D54361-9935-4FFA-9516-00384853BF68}"
EndProject
Project("{FAE04EC0-301F-11D3-BF4B-00C04F79EFBC}") = "WebApp", "WebApp\WebApp.csproj", "{3EA58767-739E-4AFB-9234-4DF1DEDB0EB7}"
EndProject
Global
	GlobalSection(SolutionConfigurationPlatforms) = preSolution
		Debug|Any CPU = Debug|Any CPU
		Release|Any CPU = Release|Any CPU
	EndGlobalSection
	GlobalSection(ProjectConfigurationPlatforms) = postSolution
		{F9241ED6-B39B-4F32-AE4A-A4B07BC1584E}.Debug|Any CPU.ActiveCfg = Debug|Any CPU
		{F9241ED6-B39B-4F32-AE4A-A4B07BC1584E}.Debug|Any CPU.Build.0 = Debug|Any CPU
		{F9241ED6-B39B-4F32-AE4A-A4B07BC1584E}.Release|Any CPU.ActiveCfg = Release|Any CPU
		{F9241ED6-B39B-4F32-AE4A-A4B07BC1584E}.Release|Any CPU.Build.0 = Release|Any CPU
		{35D54361-9935-4FFA-9516-00384853BF68}.Debug|Any CPU.ActiveCfg = Debug|Any CPU
		{35D54361-9935-4FFA-9516-00384853BF68}.Debug|Any CPU.Build.0 = Debug|Any CPU
		{35D54361-9935-4FFA-9516-00384853BF68}.Release|Any CPU.ActiveCfg = Release|Any CPU
		{35D54361-9935-4FFA-9516-00384853BF68}.Release|Any CPU.Build.0 = Release|Any CPU
		{3EA58767-739E-4AFB-9234-4DF1DEDB0EB7}.Debug|Any CPU.ActiveCfg = Debug|Any CPU
		{3EA58767-739E-4AFB-9234-4DF1DEDB0EB7}.Debug|Any CPU.Build.0 = Debug|Any CPU
		{3EA58767-739E-4AFB-9234-4DF1DEDB0EB7}.Release|Any CPU.ActiveCfg = Release|Any CPU
		{3EA58767-739E-4AFB-9234-4DF1DEDB0EB7}.Release|Any CPU.Build.0 = Release|Any CPU
	EndGlobalSection
	GlobalSection(SolutionProperties) = preSolution
		HideSolutionNode = FALSE
	EndGlobalSection
	GlobalSection(ExtensibilityGlobals) = postSolution
		SolutionGuid = {1599E6AA-3221-466B-92F5-E0D167568E71}
	EndGlobalSection
EndGlobal
